<Solution>
  <Project Path="Assembly-CSharp.csproj" />
  <Project Path="Unity.DedicatedServer.Editor.Bridge.csproj" />
  <Project Path="Unity.DedicatedServer.Editor.csproj" />
  <Project Path="Assembly-CSharp-Editor.csproj" />
  <Project Path="Unity.DedicatedServer.MultiplayerRoles.csproj" />
  <Project Path="Unity.DedicatedServer.MultiplayerRoles.Editor.csproj" />
  <Project Path="Unity.DedicatedServer.CliArguments.Editor.csproj" />
</Solution>
